// !$*UTF8*$!
{
	archiveVersion = 1;
	classes = {
	};
	objectVersion = 46;
	objects = {

/* Begin PBXBuildFile section */
		6F9250691EE5680200322B74 /* AppDelegate.swift in Sources */ = {isa = PBXBuildFile; fileRef = 6F9250681EE5680200322B74 /* AppDelegate.swift */; };
		6F92506B1EE5680200322B74 /* ViewController.swift in Sources */ = {isa = PBXBuildFile; fileRef = 6F92506A1EE5680200322B74 /* ViewController.swift */; };
		6F92506E1EE5680200322B74 /* Main.storyboard in Resources */ = {isa = PBXBuildFile; fileRef = 6F92506C1EE5680200322B74 /* Main.storyboard */; };
		6F9250701EE5680200322B74 /* Assets.xcassets in Resources */ = {isa = PBXBuildFile; fileRef = 6F92506F1EE5680200322B74 /* Assets.xcassets */; };
		6F9250731EE5680200322B74 /* LaunchScreen.storyboard in Resources */ = {isa = PBXBuildFile; fileRef = 6F9250711EE5680200322B74 /* LaunchScreen.storyboard */; };
		6F92507E1EE5680200322B74 /* SampleAppTests.swift in Sources */ = {isa = PBXBuildFile; fileRef = 6F92507D1EE5680200322B74 /* SampleAppTests.swift */; };
		6F9250891EE5680200322B74 /* SampleAppUITests.swift in Sources */ = {isa = PBXBuildFile; fileRef = 6F9250881EE5680200322B74 /* SampleAppUITests.swift */; };
/* End PBXBuildFile section */

/* Begin PBXContainerItemProxy section */
		6F92507A1EE5680200322B74 /* PBXContainerItemProxy */ = {
			isa = PBXContainerItemProxy;
			containerPortal = 6F92505D1EE5680200322B74 /* Project object */;
			proxyType = 1;
			remoteGlobalIDString = 6F9250641EE5680200322B74;
			remoteInfo = SampleApp;
		};
		6F9250851EE5680200322B74 /* PBXContainerItemProxy */ = {
			isa = PBXContainerItemProxy;
			containerPortal = 6F92505D1EE5680200322B74 /* Project object */;
			proxyType = 1;
			remoteGlobalIDString = 6F9250641EE5680200322B74;
			remoteInfo = SampleApp;
		};
/* End PBXContainerItemProxy section */

/* Begin PBXFileReference section */
		6F9250651EE5680200322B74 /* SampleApp.app */ = {isa = PBXFileReference; explicitFileType = wrapper.application; includeInIndex = 0; path = SampleApp.app; sourceTree = BUILT_PRODUCTS_DIR; };
		6F9250681EE5680200322B74 /* AppDelegate.swift */ = {isa = PBXFileReference; lastKnownFileType = sourcecode.swift; path = AppDelegate.swift; sourceTree = "<group>"; };
		6F92506A1EE5680200322B74 /* ViewController.swift */ = {isa = PBXFileReference; lastKnownFileType = sourcecode.swift; path = ViewController.swift; sourceTree = "<group>"; };
		6F92506D1EE5680200322B74 /* Base */ = {isa = PBXFileReference; lastKnownFileType = file.storyboard; name = Base; path = Base.lproj/Main.storyboard; sourceTree = "<group>"; };
		6F92506F1EE5680200322B74 /* Assets.xcassets */ = {isa = PBXFileReference; lastKnownFileType = folder.assetcatalog; path = Assets.xcassets; sourceTree = "<group>"; };
		6F9250721EE5680200322B74 /* Base */ = {isa = PBXFileReference; lastKnownFileType = file.storyboard; name = Base; path = Base.lproj/LaunchScreen.storyboard; sourceTree = "<group>"; };
		6F9250741EE5680200322B74 /* Info.plist */ = {isa = PBXFileReference; lastKnownFileType = text.plist.xml; path = Info.plist; sourceTree = "<group>"; };
		6F9250791EE5680200322B74 /* SampleAppTests.xctest */ = {isa = PBXFileReference; explicitFileType = wrapper.cfbundle; includeInIndex = 0; path = SampleAppTests.xctest; sourceTree = BUILT_PRODUCTS_DIR; };
		6F92507D1EE5680200322B74 /* SampleAppTests.swift */ = {isa = PBXFileReference; lastKnownFileType = sourcecode.swift; path = SampleAppTests.swift; sourceTree = "<group>"; };
		6F92507F1EE5680200322B74 /* Info.plist */ = {isa = PBXFileReference; lastKnownFileType = text.plist.xml; path = Info.plist; sourceTree = "<group>"; };
		6F9250841EE5680200322B74 /* SampleAppUITests.xctest */ = {isa = PBXFileReference; explicitFileType = wrapper.cfbundle; includeInIndex = 0; path = SampleAppUITests.xctest; sourceTree = BUILT_PRODUCTS_DIR; };
		6F9250881EE5680200322B74 /* SampleAppUITests.swift */ = {isa = PBXFileReference; lastKnownFileType = sourcecode.swift; path = SampleAppUITests.swift; sourceTree = "<group>"; };
		6F92508A1EE5680200322B74 /* Info.plist */ = {isa = PBXFileReference; lastKnownFileType = text.plist.xml; path = Info.plist; sourceTree = "<group>"; };
/* End PBXFileReference section */

/* Begin PBXFrameworksBuildPhase section */
		6F9250621EE5680200322B74 /* Frameworks */ = {
			isa = PBXFrameworksBuildPhase;
			buildActionMask = 2147483647;
			files = (
			);
			runOnlyForDeploymentPostprocessing = 0;
		};
		6F9250761EE5680200322B74 /* Frameworks */ = {
			isa = PBXFrameworksBuildPhase;
			buildActionMask = 2147483647;
			files = (
			);
			runOnlyForDeploymentPostprocessing = 0;
		};
		6F9250811EE5680200322B74 /* Frameworks */ = {
			isa = PBXFrameworksBuildPhase;
			buildActionMask = 2147483647;
			files = (
			);
			runOnlyForDeploymentPostprocessing = 0;
		};
/* End PBXFrameworksBuildPhase section */

/* Begin PBXGroup section */
		6F92505C1EE5680200322B74 = {
			isa = PBXGroup;
			children = (
				6F9250671EE5680200322B74 /* SampleApp */,
				6F92507C1EE5680200322B74 /* SampleAppTests */,
				6F9250871EE5680200322B74 /* SampleAppUITests */,
				6F9250661EE5680200322B74 /* Products */,
			);
			sourceTree = "<group>";
		};
		6F9250661EE5680200322B74 /* Products */ = {
			isa = PBXGroup;
			children = (
				6F9250651EE5680200322B74 /* SampleApp.app */,
				6F9250791EE5680200322B74 /* SampleAppTests.xctest */,
				6F9250841EE5680200322B74 /* SampleAppUITests.xctest */,
			);
			name = Products;
			sourceTree = "<group>";
		};
		6F9250671EE5680200322B74 /* SampleApp */ = {
			isa = PBXGroup;
			children = (
				6F9250681EE5680200322B74 /* AppDelegate.swift */,
				6F92506A1EE5680200322B74 /* ViewController.swift */,
				6F92506C1EE5680200322B74 /* Main.storyboard */,
				6F92506F1EE5680200322B74 /* Assets.xcassets */,
				6F9250711EE5680200322B74 /* LaunchScreen.storyboard */,
				6F9250741EE5680200322B74 /* Info.plist */,
			);
			path = SampleApp;
			sourceTree = "<group>";
		};
		6F92507C1EE5680200322B74 /* SampleAppTests */ = {
			isa = PBXGroup;
			children = (
				6F92507D1EE5680200322B74 /* SampleAppTests.swift */,
				6F92507F1EE5680200322B74 /* Info.plist */,
			);
			path = SampleAppTests;
			sourceTree = "<group>";
		};
		6F9250871EE5680200322B74 /* SampleAppUITests */ = {
			isa = PBXGroup;
			children = (
				6F9250881EE5680200322B74 /* SampleAppUITests.swift */,
				6F92508A1EE5680200322B74 /* Info.plist */,
			);
			path = SampleAppUITests;
			sourceTree = "<group>";
		};
/* End PBXGroup section */

/* Begin PBXNativeTarget section */
		6F9250641EE5680200322B74 /* SampleApp */ = {
			isa = PBXNativeTarget;
			buildConfigurationList = 6F92508D1EE5680200322B74 /* Build configuration list for PBXNativeTarget "SampleApp" */;
			buildPhases = (
				6F9250611EE5680200322B74 /* Sources */,
				6F9250621EE5680200322B74 /* Frameworks */,
				6F9250631EE5680200322B74 /* Resources */,
			);
			buildRules = (
			);
			dependencies = (
			);
			name = SampleApp;
			productName = SampleApp;
			productReference = 6F9250651EE5680200322B74 /* SampleApp.app */;
			productType = "com.apple.product-type.application";
		};
		6F9250781EE5680200322B74 /* SampleAppTests */ = {
			isa = PBXNativeTarget;
			buildConfigurationList = 6F9250901EE5680200322B74 /* Build configuration list for PBXNativeTarget "SampleAppTests" */;
			buildPhases = (
				6F9250751EE5680200322B74 /* Sources */,
				6F9250761EE5680200322B74 /* Frameworks */,
				6F9250771EE5680200322B74 /* Resources */,
			);
			buildRules = (
			);
			dependencies = (
				6F92507B1EE5680200322B74 /* PBXTargetDependency */,
			);
			name = SampleAppTests;
			productName = SampleAppTests;
			productReference = 6F9250791EE5680200322B74 /* SampleAppTests.xctest */;
			productType = "com.apple.product-type.bundle.unit-test";
		};
		6F9250831EE5680200322B74 /* SampleAppUITests */ = {
			isa = PBXNativeTarget;
			buildConfigurationList = 6F9250931EE5680200322B74 /* Build configuration list for PBXNativeTarget "SampleAppUITests" */;
			buildPhases = (
				6F9250801EE5680200322B74 /* Sources */,
				6F9250811EE5680200322B74 /* Frameworks */,
				6F9250821EE5680200322B74 /* Resources */,
			);
			buildRules = (
			);
			dependencies = (
				6F9250861EE5680200322B74 /* PBXTargetDependency */,
			);
			name = SampleAppUITests;
			productName = SampleAppUITests;
			productReference = 6F9250841EE5680200322B74 /* SampleAppUITests.xctest */;
			productType = "com.apple.product-type.bundle.ui-testing";
		};
/* End PBXNativeTarget section */

/* Begin PBXProject section */
		6F92505D1EE5680200322B74 /* Project object */ = {
			isa = PBXProject;
			attributes = {
				LastSwiftUpdateCheck = 0830;
				LastUpgradeCheck = 0830;
				ORGANIZATIONNAME = "羽田 健太郎";
				TargetAttributes = {
					6F9250641EE5680200322B74 = {
						CreatedOnToolsVersion = 8.3.2;
						DevelopmentTeam = 23WT7ZRGJZ;
						ProvisioningStyle = Automatic;
					};
					6F9250781EE5680200322B74 = {
						CreatedOnToolsVersion = 8.3.2;
						DevelopmentTeam = 23WT7ZRGJZ;
						ProvisioningStyle = Automatic;
						TestTargetID = 6F9250641EE5680200322B74;
					};
					6F9250831EE5680200322B74 = {
						CreatedOnToolsVersion = 8.3.2;
						DevelopmentTeam = 23WT7ZRGJZ;
						ProvisioningStyle = Automatic;
						TestTargetID = 6F9250641EE5680200322B74;
					};
				};
			};
			buildConfigurationList = 6F9250601EE5680200322B74 /* Build configuration list for PBXProject "SampleApp" */;
			compatibilityVersion = "Xcode 3.2";
			developmentRegion = English;
			hasScannedForEncodings = 0;
			knownRegions = (
				en,
				Base,
			);
			mainGroup = 6F92505C1EE5680200322B74;
			productRefGroup = 6F9250661EE5680200322B74 /* Products */;
			projectDirPath = "";
			projectRoot = "";
			targets = (
				6F9250641EE5680200322B74 /* SampleApp */,
				6F9250781EE5680200322B74 /* SampleAppTests */,
				6F9250831EE5680200322B74 /* SampleAppUITests */,
			);
		};
/* End PBXProject section */

/* Begin PBXResourcesBuildPhase section */
		6F9250631EE5680200322B74 /* Resources */ = {
			isa = PBXResourcesBuildPhase;
			buildActionMask = 2147483647;
			files = (
				6F9250731EE5680200322B74 /* LaunchScreen.storyboard in Resources */,
				6F9250701EE5680200322B74 /* Assets.xcassets in Resources */,
				6F92506E1EE5680200322B74 /* Main.storyboard in Resources */,
			);
			runOnlyForDeploymentPostprocessing = 0;
		};
		6F9250771EE5680200322B74 /* Resources */ = {
			isa = PBXResourcesBuildPhase;
			buildActionMask = 2147483647;
			files = (
			);
			runOnlyForDeploymentPostprocessing = 0;
		};
		6F9250821EE5680200322B74 /* Resources */ = {
			isa = PBXResourcesBuildPhase;
			buildActionMask = 2147483647;
			files = (
			);
			runOnlyForDeploymentPostprocessing = 0;
		};
/* End PBXResourcesBuildPhase section */

/* Begin PBXSourcesBuildPhase section */
		6F9250611EE5680200322B74 /* Sources */ = {
			isa = PBXSourcesBuildPhase;
			buildActionMask = 2147483647;
			files = (
				6F92506B1EE5680200322B74 /* ViewController.swift in Sources */,
				6F9250691EE5680200322B74 /* AppDelegate.swift in Sources */,
			);
			runOnlyForDeploymentPostprocessing = 0;
		};
		6F9250751EE5680200322B74 /* Sources */ = {
			isa = PBXSourcesBuildPhase;
			buildActionMask = 2147483647;
			files = (
				6F92507E1EE5680200322B74 /* SampleAppTests.swift in Sources */,
			);
			runOnlyForDeploymentPostprocessing = 0;
		};
		6F9250801EE5680200322B74 /* Sources */ = {
			isa = PBXSourcesBuildPhase;
			buildActionMask = 2147483647;
			files = (
				6F9250891EE5680200322B74 /* SampleAppUITests.swift in Sources */,
			);
			runOnlyForDeploymentPostprocessing = 0;
		};
/* End PBXSourcesBuildPhase section */

/* Begin PBXTargetDependency section */
		6F92507B1EE5680200322B74 /* PBXTargetDependency */ = {
			isa = PBXTargetDependency;
			target = 6F9250641EE5680200322B74 /* SampleApp */;
			targetProxy = 6F92507A1EE5680200322B74 /* PBXContainerItemProxy */;
		};
		6F9250861EE5680200322B74 /* PBXTargetDependency */ = {
			isa = PBXTargetDependency;
			target = 6F9250641EE5680200322B74 /* SampleApp */;
			targetProxy = 6F9250851EE5680200322B74 /* PBXContainerItemProxy */;
		};
/* End PBXTargetDependency section */

/* Begin PBXVariantGroup section */
		6F92506C1EE5680200322B74 /* Main.storyboard */ = {
			isa = PBXVariantGroup;
			children = (
				6F92506D1EE5680200322B74 /* Base */,
			);
			name = Main.storyboard;
			sourceTree = "<group>";
		};
		6F9250711EE5680200322B74 /* LaunchScreen.storyboard */ = {
			isa = PBXVariantGroup;
			children = (
				6F9250721EE5680200322B74 /* Base */,
			);
			name = LaunchScreen.storyboard;
			sourceTree = "<group>";
		};
/* End PBXVariantGroup section */

/* Begin XCBuildConfiguration section */
		6F92508B1EE5680200322B74 /* Debug */ = {
			isa = XCBuildConfiguration;
			buildSettings = {
				ALWAYS_SEARCH_USER_PATHS = NO;
				CLANG_ANALYZER_NONNULL = YES;
				CLANG_ANALYZER_NUMBER_OBJECT_CONVERSION = YES_AGGRESSIVE;
				CLANG_CXX_LANGUAGE_STANDARD = "gnu++0x";
				CLANG_CXX_LIBRARY = "libc++";
				CLANG_ENABLE_MODULES = YES;
				CLANG_ENABLE_OBJC_ARC = YES;
				CLANG_WARN_BOOL_CONVERSION = YES;
				CLANG_WARN_CONSTANT_CONVERSION = YES;
				CLANG_WARN_DIRECT_OBJC_ISA_USAGE = YES_ERROR;
				CLANG_WARN_DOCUMENTATION_COMMENTS = YES;
				CLANG_WARN_EMPTY_BODY = YES;
				CLANG_WARN_ENUM_CONVERSION = YES;
				CLANG_WARN_INFINITE_RECURSION = YES;
				CLANG_WARN_INT_CONVERSION = YES;
				CLANG_WARN_OBJC_ROOT_CLASS = YES_ERROR;
				CLANG_WARN_SUSPICIOUS_MOVE = YES;
				CLANG_WARN_UNREACHABLE_CODE = YES;
				CLANG_WARN__DUPLICATE_METHOD_MATCH = YES;
				"CODE_SIGN_IDENTITY[sdk=iphoneos*]" = "iPhone Developer";
				COPY_PHASE_STRIP = NO;
				DEBUG_INFORMATION_FORMAT = dwarf;
				ENABLE_STRICT_OBJC_MSGSEND = YES;
				ENABLE_TESTABILITY = YES;
				GCC_C_LANGUAGE_STANDARD = gnu99;
				GCC_DYNAMIC_NO_PIC = NO;
				GCC_NO_COMMON_BLOCKS = YES;
				GCC_OPTIMIZATION_LEVEL = 0;
				GCC_PREPROCESSOR_DEFINITIONS = (
					"DEBUG=1",
					"$(inherited)",
				);
				GCC_WARN_64_TO_32_BIT_CONVERSION = YES;
				GCC_WARN_ABOUT_RETURN_TYPE = YES_ERROR;
				GCC_WARN_UNDECLARED_SELECTOR = YES;
				GCC_WARN_UNINITIALIZED_AUTOS = YES_AGGRESSIVE;
				GCC_WARN_UNUSED_FUNCTION = YES;
				GCC_WARN_UNUSED_VARIABLE = YES;
				IPHONEOS_DEPLOYMENT_TARGET = 10.3;
				MTL_ENABLE_DEBUG_INFO = YES;
				ONLY_ACTIVE_ARCH = YES;
				SDKROOT = iphoneos;
				SWIFT_ACTIVE_COMPILATION_CONDITIONS = DEBUG;
				SWIFT_OPTIMIZATION_LEVEL = "-Onone";
				TARGETED_DEVICE_FAMILY = "1,2";
			};
			name = Debug;
		};
		6F92508C1EE5680200322B74 /* Release */ = {
			isa = XCBuildConfiguration;
			buildSettings = {
				ALWAYS_SEARCH_USER_PATHS = NO;
				CLANG_ANALYZER_NONNULL = YES;
				CLANG_ANALYZER_NUMBER_OBJECT_CONVERSION = YES_AGGRESSIVE;
				CLANG_CXX_LANGUAGE_STANDARD = "gnu++0x";
				CLANG_CXX_LIBRARY = "libc++";
				CLANG_ENABLE_MODULES = YES;
				CLANG_ENABLE_OBJC_ARC = YES;
				CLANG_WARN_BOOL_CONVERSION = YES;
				CLANG_WARN_CONSTANT_CONVERSION = YES;
				CLANG_WARN_DIRECT_OBJC_ISA_USAGE = YES_ERROR;
				CLANG_WARN_DOCUMENTATION_COMMENTS = YES;
				CLANG_WARN_EMPTY_BODY = YES;
				CLANG_WARN_ENUM_CONVERSION = YES;
				CLANG_WARN_INFINITE_RECURSION = YES;
				CLANG_WARN_INT_CONVERSION = YES;
				CLANG_WARN_OBJC_ROOT_CLASS = YES_ERROR;
				CLANG_WARN_SUSPICIOUS_MOVE = YES;
				CLANG_WARN_UNREACHABLE_CODE = YES;
				CLANG_WARN__DUPLICATE_METHOD_MATCH = YES;
				"CODE_SIGN_IDENTITY[sdk=iphoneos*]" = "iPhone Developer";
				COPY_PHASE_STRIP = NO;
				DEBUG_INFORMATION_FORMAT = "dwarf-with-dsym";
				ENABLE_NS_ASSERTIONS = NO;
				ENABLE_STRICT_OBJC_MSGSEND = YES;
				GCC_C_LANGUAGE_STANDARD = gnu99;
				GCC_NO_COMMON_BLOCKS = YES;
				GCC_WARN_64_TO_32_BIT_CONVERSION = YES;
				GCC_WARN_ABOUT_RETURN_TYPE = YES_ERROR;
				GCC_WARN_UNDECLARED_SELECTOR = YES;
				GCC_WARN_UNINITIALIZED_AUTOS = YES_AGGRESSIVE;
				GCC_WARN_UNUSED_FUNCTION = YES;
				GCC_WARN_UNUSED_VARIABLE = YES;
				IPHONEOS_DEPLOYMENT_TARGET = 10.3;
				MTL_ENABLE_DEBUG_INFO = NO;
				SDKROOT = iphoneos;
				SWIFT_OPTIMIZATION_LEVEL = "-Owholemodule";
				TARGETED_DEVICE_FAMILY = "1,2";
				VALIDATE_PRODUCT = YES;
			};
			name = Release;
		};
		6F92508E1EE5680200322B74 /* Debug */ = {
			isa = XCBuildConfiguration;
			buildSettings = {
				ASSETCATALOG_COMPILER_APPICON_NAME = AppIcon;
				DEVELOPMENT_TEAM = 23WT7ZRGJZ;
				INFOPLIST_FILE = SampleApp/Info.plist;
				LD_RUNPATH_SEARCH_PATHS = "$(inherited) @executable_path/Frameworks";
				PRODUCT_BUNDLE_IDENTIFIER = com.Rarejob.SampleApp;
				PRODUCT_NAME = "$(TARGET_NAME)";
				SWIFT_VERSION = 3.0;
			};
			name = Debug;
		};
		6F92508F1EE5680200322B74 /* Release */ = {
			isa = XCBuildConfiguration;
			buildSettings = {
				ASSETCATALOG_COMPILER_APPICON_NAME = AppIcon;
				DEVELOPMENT_TEAM = 23WT7ZRGJZ;
				INFOPLIST_FILE = SampleApp/Info.plist;
				LD_RUNPATH_SEARCH_PATHS = "$(inherited) @executable_path/Frameworks";
				PRODUCT_BUNDLE_IDENTIFIER = com.Rarejob.SampleApp;
				PRODUCT_NAME = "$(TARGET_NAME)";
				SWIFT_VERSION = 3.0;
			};
			name = Release;
		};
		6F9250911EE5680200322B74 /* Debug */ = {
			isa = XCBuildConfiguration;
			buildSettings = {
				ALWAYS_EMBED_SWIFT_STANDARD_LIBRARIES = YES;
				BUNDLE_LOADER = "$(TEST_HOST)";
				DEVELOPMENT_TEAM = 23WT7ZRGJZ;
				INFOPLIST_FILE = SampleAppTests/Info.plist;
				LD_RUNPATH_SEARCH_PATHS = "$(inherited) @executable_path/Frameworks @loader_path/Frameworks";
				PRODUCT_BUNDLE_IDENTIFIER = com.Rarejob.SampleAppTests;
				PRODUCT_NAME = "$(TARGET_NAME)";
				SWIFT_VERSION = 3.0;
				TEST_HOST = "$(BUILT_PRODUCTS_DIR)/SampleApp.app/SampleApp";
			};
			name = Debug;
		};
		6F9250921EE5680200322B74 /* Release */ = {
			isa = XCBuildConfiguration;
			buildSettings = {
				ALWAYS_EMBED_SWIFT_STANDARD_LIBRARIES = YES;
				BUNDLE_LOADER = "$(TEST_HOST)";
				DEVELOPMENT_TEAM = 23WT7ZRGJZ;
				INFOPLIST_FILE = SampleAppTests/Info.plist;
				LD_RUNPATH_SEARCH_PATHS = "$(inherited) @executable_path/Frameworks @loader_path/Frameworks";
				PRODUCT_BUNDLE_IDENTIFIER = com.Rarejob.SampleAppTests;
				PRODUCT_NAME = "$(TARGET_NAME)";
				SWIFT_VERSION = 3.0;
				TEST_HOST = "$(BUILT_PRODUCTS_DIR)/SampleApp.app/SampleApp";
			};
			name = Release;
		};
		6F9250941EE5680200322B74 /* Debug */ = {
			isa = XCBuildConfiguration;
			buildSettings = {
				ALWAYS_EMBED_SWIFT_STANDARD_LIBRARIES = YES;
				DEVELOPMENT_TEAM = 23WT7ZRGJZ;
				INFOPLIST_FILE = SampleAppUITests/Info.plist;
				LD_RUNPATH_SEARCH_PATHS = "$(inherited) @executable_path/Frameworks @loader_path/Frameworks";
				PRODUCT_BUNDLE_IDENTIFIER = com.Rarejob.SampleAppUITests;
				PRODUCT_NAME = "$(TARGET_NAME)";
				SWIFT_VERSION = 3.0;
				TEST_TARGET_NAME = SampleApp;
			};
			name = Debug;
		};
		6F9250951EE5680200322B74 /* Release */ = {
			isa = XCBuildConfiguration;
			buildSettings = {
				ALWAYS_EMBED_SWIFT_STANDARD_LIBRARIES = YES;
				DEVELOPMENT_TEAM = 23WT7ZRGJZ;
				INFOPLIST_FILE = SampleAppUITests/Info.plist;
				LD_RUNPATH_SEARCH_PATHS = "$(inherited) @executable_path/Frameworks @loader_path/Frameworks";
				PRODUCT_BUNDLE_IDENTIFIER = com.Rarejob.SampleAppUITests;
				PRODUCT_NAME = "$(TARGET_NAME)";
				SWIFT_VERSION = 3.0;
				TEST_TARGET_NAME = SampleApp;
			};
			name = Release;
		};
/* End XCBuildConfiguration section */

/* Begin XCConfigurationList section */
		6F9250601EE5680200322B74 /* Build configuration list for PBXProject "SampleApp" */ = {
			isa = XCConfigurationList;
			buildConfigurations = (
				6F92508B1EE5680200322B74 /* Debug */,
				6F92508C1EE5680200322B74 /* Release */,
			);
			defaultConfigurationIsVisible = 0;
			defaultConfigurationName = Release;
		};
		6F92508D1EE5680200322B74 /* Build configuration list for PBXNativeTarget "SampleApp" */ = {
			isa = XCConfigurationList;
			buildConfigurations = (
				6F92508E1EE5680200322B74 /* Debug */,
				6F92508F1EE5680200322B74 /* Release */,
			);
			defaultConfigurationIsVisible = 0;
		};
		6F9250901EE5680200322B74 /* Build configuration list for PBXNativeTarget "SampleAppTests" */ = {
			isa = XCConfigurationList;
			buildConfigurations = (
				6F9250911EE5680200322B74 /* Debug */,
				6F9250921EE5680200322B74 /* Release */,
			);
			defaultConfigurationIsVisible = 0;
		};
		6F9250931EE5680200322B74 /* Build configuration list for PBXNativeTarget "SampleAppUITests" */ = {
			isa = XCConfigurationList;
			buildConfigurations = (
				6F9250941EE5680200322B74 /* Debug */,
				6F9250951EE5680200322B74 /* Release */,
			);
			defaultConfigurationIsVisible = 0;
		};
/* End XCConfigurationList section */
	};
	rootObject = 6F92505D1EE5680200322B74 /* Project object */;
}
